
Microsoft Visual Studio Solution File, Format Version 12.00
Project("{FAE04EC0-301F-11D3-BF4B-00C04F79EFBC}") = "ToyWebService", "ToyWebService\ToyWebService.csproj", "{4E90E14A-E8D3-4875-AD16-330A1694CF8C}"
EndProject
Project("{FAE04EC0-301F-11D3-BF4B-00C04F79EFBC}") = "ToyGrpcService", "ToyGrpcService\ToyGrpcService.csproj", "{8E91B220-51BA-4F85-B551-AFF56584D097}"
EndProject
Project("{FAE04EC0-301F-11D3-BF4B-00C04F79EFBC}") = "ToyWebService.Application", "ToyWebService.Application\ToyWebService.Application.csproj", "{2C2EEA6C-3936-425E-B967-7A99F9388F97}"
EndProject
Project("{FAE04EC0-301F-11D3-BF4B-00C04F79EFBC}") = "ToyWebService.Migrator", "ToyWebService.Migrator\ToyWebService.Migrator.csproj", "{BC21B1F6-6B61-4BB5-A144-CCDAF6812689}"
EndProject
Project("{FAE04EC0-301F-11D3-BF4B-00C04F79EFBC}") = "ToyWebService.Utils", "ToyWebService.Utils\ToyWebService.Utils.csproj", "{793FB107-3C73-4CBE-836B-5CCDD3968735}"
EndProject
Global
	GlobalSection(SolutionConfigurationPlatforms) = preSolution
		Debug|Any CPU = Debug|Any CPU
		Release|Any CPU = Release|Any CPU
	EndGlobalSection
	GlobalSection(ProjectConfigurationPlatforms) = postSolution
		{4E90E14A-E8D3-4875-AD16-330A1694CF8C}.Debug|Any CPU.ActiveCfg = Debug|Any CPU
		{4E90E14A-E8D3-4875-AD16-330A1694CF8C}.Debug|Any CPU.Build.0 = Debug|Any CPU
		{4E90E14A-E8D3-4875-AD16-330A1694CF8C}.Release|Any CPU.ActiveCfg = Release|Any CPU
		{4E90E14A-E8D3-4875-AD16-330A1694CF8C}.Release|Any CPU.Build.0 = Release|Any CPU
		{8E91B220-51BA-4F85-B551-AFF56584D097}.Debug|Any CPU.ActiveCfg = Debug|Any CPU
		{8E91B220-51BA-4F85-B551-AFF56584D097}.Debug|Any CPU.Build.0 = Debug|Any CPU
		{8E91B220-51BA-4F85-B551-AFF56584D097}.Release|Any CPU.ActiveCfg = Release|Any CPU
		{8E91B220-51BA-4F85-B551-AFF56584D097}.Release|Any CPU.Build.0 = Release|Any CPU
		{2C2EEA6C-3936-425E-B967-7A99F9388F97}.Debug|Any CPU.ActiveCfg = Debug|Any CPU
		{2C2EEA6C-3936-425E-B967-7A99F9388F97}.Debug|Any CPU.Build.0 = Debug|Any CPU
		{2C2EEA6C-3936-425E-B967-7A99F9388F97}.Release|Any CPU.ActiveCfg = Release|Any CPU
		{2C2EEA6C-3936-425E-B967-7A99F9388F97}.Release|Any CPU.Build.0 = Release|Any CPU
		{BC21B1F6-6B61-4BB5-A144-CCDAF6812689}.Debug|Any CPU.ActiveCfg = Debug|Any CPU
		{BC21B1F6-6B61-4BB5-A144-CCDAF6812689}.Debug|Any CPU.Build.0 = Debug|Any CPU
		{BC21B1F6-6B61-4BB5-A144-CCDAF6812689}.Release|Any CPU.ActiveCfg = Release|Any CPU
		{BC21B1F6-6B61-4BB5-A144-CCDAF6812689}.Release|Any CPU.Build.0 = Release|Any CPU
		{793FB107-3C73-4CBE-836B-5CCDD3968735}.Debug|Any CPU.ActiveCfg = Debug|Any CPU
		{793FB107-3C73-4CBE-836B-5CCDD3968735}.Debug|Any CPU.Build.0 = Debug|Any CPU
		{793FB107-3C73-4CBE-836B-5CCDD3968735}.Release|Any CPU.ActiveCfg = Release|Any CPU
		{793FB107-3C73-4CBE-836B-5CCDD3968735}.Release|Any CPU.Build.0 = Release|Any CPU
	EndGlobalSection
	GlobalSection(NestedProjects) = preSolution
	EndGlobalSection
EndGlobal
